Microsoft Visual Studio Solution File, Format Version 12.00
# Visual Studio Version 17
VisualStudioVersion = 17.5.2.0
MinimumVisualStudioVersion = 10.0.40219.1
Project("{2150E333-8FDC-42A3-9474-1A3956D46DE8}") = "backend", "backend", "{1AE8ACA6-933B-BF2A-3671-3E2EAC007D16}"
EndProject
Project("{FAE04EC0-301F-11D3-BF4B-00C04F79EFBC}") = "HelloWorldApi", "backend\HelloWorldApi\HelloWorldApi.csproj", "{FF126D11-C7DD-FCDE-625E-652DE131EBB6}"
EndProject
Global
	GlobalSection(SolutionConfigurationPlatforms) = preSolution
		Debug|Any CPU = Debug|Any CPU
		Release|Any CPU = Release|Any CPU
	EndGlobalSection
	GlobalSection(ProjectConfigurationPlatforms) = postSolution
		{FF126D11-C7DD-FCDE-625E-652DE131EBB6}.Debug|Any CPU.ActiveCfg = Debug|Any CPU
		{FF126D11-C7DD-FCDE-625E-652DE131EBB6}.Debug|Any CPU.Build.0 = Debug|Any CPU
		{FF126D11-C7DD-FCDE-625E-652DE131EBB6}.Release|Any CPU.ActiveCfg = Release|Any CPU
		{FF126D11-C7DD-FCDE-625E-652DE131EBB6}.Release|Any CPU.Build.0 = Release|Any CPU
	EndGlobalSection
	GlobalSection(SolutionProperties) = preSolution
		HideSolutionNode = FALSE
	EndGlobalSection
	GlobalSection(NestedProjects) = preSolution
		{FF126D11-C7DD-FCDE-625E-652DE131EBB6} = {1AE8ACA6-933B-BF2A-3671-3E2EAC007D16}
	EndGlobalSection
	GlobalSection(ExtensibilityGlobals) = postSolution
		SolutionGuid = {3259A946-86D4-4AD7-8DBE-155C718FEA2E}
	EndGlobalSection
EndGlobal
